// !$*UTF8*$!
{
	archiveVersion = 1;
	classes = {
	};
	objectVersion = 50;
	objects = {

/* Begin PBXBuildFile section */
		DA197F9E20DE0A750068C9D4 /* honeybee_app.img.bin in Resources */ = {isa = PBXBuildFile; fileRef = DA197F9D20DE0A750068C9D4 /* honeybee_app.img.bin */; };
		DA2E249920DF0CCE0066A0FC /* honeybee_boot.img.bin in Resources */ = {isa = PBXBuildFile; fileRef = DA2E249820DF0CCD0066A0FC /* honeybee_boot.img.bin */; };
		DA5D107820D705B600FD9B2A /* AppDelegate.m in Sources */ = {isa = PBXBuildFile; fileRef = DA5D107720D705B600FD9B2A /* AppDelegate.m */; };
		DA5D107B20D705B600FD9B2A /* DeviceListViewController.m in Sources */ = {isa = PBXBuildFile; fileRef = DA5D107A20D705B600FD9B2A /* DeviceListViewController.m */; };
		DA5D107E20D705B600FD9B2A /* HoneybeeDetailViewController.m in Sources */ = {isa = PBXBuildFile; fileRef = DA5D107D20D705B600FD9B2A /* HoneybeeDetailViewController.m */; };
		DA5D108120D705B600FD9B2A /* Main.storyboard in Resources */ = {isa = PBXBuildFile; fileRef = DA5D107F20D705B600FD9B2A /* Main.storyboard */; };
		DA5D108320D705B800FD9B2A /* Assets.xcassets in Resources */ = {isa = PBXBuildFile; fileRef = DA5D108220D705B800FD9B2A /* Assets.xcassets */; };
		DA5D108620D705B800FD9B2A /* LaunchScreen.storyboard in Resources */ = {isa = PBXBuildFile; fileRef = DA5D108420D705B800FD9B2A /* LaunchScreen.storyboard */; };
		DA5D108920D705B800FD9B2A /* main.m in Sources */ = {isa = PBXBuildFile; fileRef = DA5D108820D705B800FD9B2A /* main.m */; };
		DA5D109320D705B800FD9B2A /* HoneyBee_CompanionTests.m in Sources */ = {isa = PBXBuildFile; fileRef = DA5D109220D705B800FD9B2A /* HoneyBee_CompanionTests.m */; };
		DA5D109E20D705B800FD9B2A /* HoneyBee_CompanionUITests.m in Sources */ = {isa = PBXBuildFile; fileRef = DA5D109D20D705B800FD9B2A /* HoneyBee_CompanionUITests.m */; };
		DA5D10B520D8111400FD9B2A /* HoneybeeBluetoothConnection.m in Sources */ = {isa = PBXBuildFile; fileRef = DA5D10B420D8111300FD9B2A /* HoneybeeBluetoothConnection.m */; };
		DA8C91A321C07DD300001799 /* HBNetworkSetupViewController.m in Sources */ = {isa = PBXBuildFile; fileRef = DA8C91A221C07DD300001799 /* HBNetworkSetupViewController.m */; };
		DA8C91A621C2FDE100001799 /* NSDictionary+BeeDance.m in Sources */ = {isa = PBXBuildFile; fileRef = DA8C91A521C2FCF500001799 /* NSDictionary+BeeDance.m */; };
		DAA007E620DD8AF600A24510 /* HoneybeePropertiesViewController.m in Sources */ = {isa = PBXBuildFile; fileRef = DAA007E520DD8AF600A24510 /* HoneybeePropertiesViewController.m */; };
		DAA007E920DDA6F100A24510 /* UpdateFirmwareTableViewCell.m in Sources */ = {isa = PBXBuildFile; fileRef = DAA007E820DDA6F100A24510 /* UpdateFirmwareTableViewCell.m */; };
		DAC51D5021C043DC00E8EEF0 /* aef_debug.c in Sources */ = {isa = PBXBuildFile; fileRef = DAC51D3D21C043DB00E8EEF0 /* aef_debug.c */; };
		DAC51D5421C043DC00E8EEF0 /* beedance.md in Resources */ = {isa = PBXBuildFile; fileRef = DAC51D4221C043DB00E8EEF0 /* beedance.md */; };
		DAC51D5521C043DC00E8EEF0 /* NSData+BeeDance.m in Sources */ = {isa = PBXBuildFile; fileRef = DAC51D4721C043DB00E8EEF0 /* NSData+BeeDance.m */; };
		DAC51D5621C043DC00E8EEF0 /* cobs.c in Sources */ = {isa = PBXBuildFile; fileRef = DAC51D4821C043DB00E8EEF0 /* cobs.c */; };
		DAC51D5721C043DC00E8EEF0 /* msgpack.c in Sources */ = {isa = PBXBuildFile; fileRef = DAC51D4921C043DB00E8EEF0 /* msgpack.c */; };
		DAC51D5821C043DC00E8EEF0 /* beedance.c in Sources */ = {isa = PBXBuildFile; fileRef = DAC51D4A21C043DB00E8EEF0 /* beedance.c */; };
		DAC51D5921C043DC00E8EEF0 /* beedance.m in Sources */ = {isa = PBXBuildFile; fileRef = DAC51D4B21C043DB00E8EEF0 /* beedance.m */; };
		DAC51D5B21C0445A00E8EEF0 /* winc1500_m2m_aio_3a0_19.5.4.bin in Resources */ = {isa = PBXBuildFile; fileRef = DAC51D5A21C0445A00E8EEF0 /* winc1500_m2m_aio_3a0_19.5.4.bin */; };
		DAC51D5E21C0482500E8EEF0 /* Default-568h@2x.png in Resources */ = {isa = PBXBuildFile; fileRef = DAC51D5D21C0482500E8EEF0 /* Default-568h@2x.png */; };
		DADBED2220DA03D600D3F539 /* libz.tbd in Frameworks */ = {isa = PBXBuildFile; fileRef = DADBED2120DA03D600D3F539 /* libz.tbd */; };
/* End PBXBuildFile section */

/* Begin PBXContainerItemProxy section */
		DA5D108F20D705B800FD9B2A /* PBXContainerItemProxy */ = {
			isa = PBXContainerItemProxy;
			containerPortal = DA5D106B20D705B600FD9B2A /* Project object */;
			proxyType = 1;
			remoteGlobalIDString = DA5D107220D705B600FD9B2A;
			remoteInfo = "HoneyBee Companion";
		};
		DA5D109A20D705B800FD9B2A /* PBXContainerItemProxy */ = {
			isa = PBXContainerItemProxy;
			containerPortal = DA5D106B20D705B600FD9B2A /* Project object */;
			proxyType = 1;
			remoteGlobalIDString = DA5D107220D705B600FD9B2A;
			remoteInfo = "HoneyBee Companion";
		};
/* End PBXContainerItemProxy section */

/* Begin PBXFileReference section */
		DA197F9D20DE0A750068C9D4 /* honeybee_app.img.bin */ = {isa = PBXFileReference; explicitFileType = compiled; name = honeybee_app.img.bin; path = ../../../../HoneyBee/honeybee_app.img.bin; sourceTree = "<group>"; };
		DA2E249720DED9380066A0FC /* hb_bootloader.h */ = {isa = PBXFileReference; fileEncoding = 4; lastKnownFileType = sourcecode.c.h; name = hb_bootloader.h; path = "../../../../honeybee-sam4s-bootloader/inc/hb_bootloader.h"; sourceTree = "<group>"; };
		DA2E249820DF0CCD0066A0FC /* honeybee_boot.img.bin */ = {isa = PBXFileReference; explicitFileType = compiled; name = honeybee_boot.img.bin; path = "../../../../honeybee-sam4s-bootloader/honeybee_boot.img.bin"; sourceTree = "<group>"; };
		DA5D107320D705B600FD9B2A /* HoneyBee Companion.app */ = {isa = PBXFileReference; explicitFileType = wrapper.application; includeInIndex = 0; path = "HoneyBee Companion.app"; sourceTree = BUILT_PRODUCTS_DIR; };
		DA5D107620D705B600FD9B2A /* AppDelegate.h */ = {isa = PBXFileReference; lastKnownFileType = sourcecode.c.h; path = AppDelegate.h; sourceTree = "<group>"; };
		DA5D107720D705B600FD9B2A /* AppDelegate.m */ = {isa = PBXFileReference; lastKnownFileType = sourcecode.c.objc; path = AppDelegate.m; sourceTree = "<group>"; };
		DA5D107920D705B600FD9B2A /* DeviceListViewController.h */ = {isa = PBXFileReference; lastKnownFileType = sourcecode.c.h; path = DeviceListViewController.h; sourceTree = "<group>"; };
		DA5D107A20D705B600FD9B2A /* DeviceListViewController.m */ = {isa = PBXFileReference; lastKnownFileType = sourcecode.c.objc; path = DeviceListViewController.m; sourceTree = "<group>"; };
		DA5D107C20D705B600FD9B2A /* HoneybeeDetailViewController.h */ = {isa = PBXFileReference; lastKnownFileType = sourcecode.c.h; path = HoneybeeDetailViewController.h; sourceTree = "<group>"; };
		DA5D107D20D705B600FD9B2A /* HoneybeeDetailViewController.m */ = {isa = PBXFileReference; lastKnownFileType = sourcecode.c.objc; path = HoneybeeDetailViewController.m; sourceTree = "<group>"; };
		DA5D108020D705B600FD9B2A /* Base */ = {isa = PBXFileReference; lastKnownFileType = file.storyboard; name = Base; path = Base.lproj/Main.storyboard; sourceTree = "<group>"; };
		DA5D108220D705B800FD9B2A /* Assets.xcassets */ = {isa = PBXFileReference; lastKnownFileType = folder.assetcatalog; path = Assets.xcassets; sourceTree = "<group>"; };
		DA5D108520D705B800FD9B2A /* Base */ = {isa = PBXFileReference; lastKnownFileType = file.storyboard; name = Base; path = Base.lproj/LaunchScreen.storyboard; sourceTree = "<group>"; };
		DA5D108720D705B800FD9B2A /* Info.plist */ = {isa = PBXFileReference; lastKnownFileType = text.plist.xml; path = Info.plist; sourceTree = "<group>"; };
		DA5D108820D705B800FD9B2A /* main.m */ = {isa = PBXFileReference; lastKnownFileType = sourcecode.c.objc; path = main.m; sourceTree = "<group>"; };
		DA5D108E20D705B800FD9B2A /* HoneyBee CompanionTests.xctest */ = {isa = PBXFileReference; explicitFileType = wrapper.cfbundle; includeInIndex = 0; path = "HoneyBee CompanionTests.xctest"; sourceTree = BUILT_PRODUCTS_DIR; };
		DA5D109220D705B800FD9B2A /* HoneyBee_CompanionTests.m */ = {isa = PBXFileReference; lastKnownFileType = sourcecode.c.objc; path = HoneyBee_CompanionTests.m; sourceTree = "<group>"; };
		DA5D109420D705B800FD9B2A /* Info.plist */ = {isa = PBXFileReference; lastKnownFileType = text.plist.xml; path = Info.plist; sourceTree = "<group>"; };
		DA5D109920D705B800FD9B2A /* HoneyBee CompanionUITests.xctest */ = {isa = PBXFileReference; explicitFileType = wrapper.cfbundle; includeInIndex = 0; path = "HoneyBee CompanionUITests.xctest"; sourceTree = BUILT_PRODUCTS_DIR; };
		DA5D109D20D705B800FD9B2A /* HoneyBee_CompanionUITests.m */ = {isa = PBXFileReference; lastKnownFileType = sourcecode.c.objc; path = HoneyBee_CompanionUITests.m; sourceTree = "<group>"; };
		DA5D109F20D705B800FD9B2A /* Info.plist */ = {isa = PBXFileReference; lastKnownFileType = text.plist.xml; path = Info.plist; sourceTree = "<group>"; };
		DA5D10B320D8111300FD9B2A /* HoneybeeBluetoothConnection.h */ = {isa = PBXFileReference; lastKnownFileType = sourcecode.c.h; path = HoneybeeBluetoothConnection.h; sourceTree = "<group>"; };
		DA5D10B420D8111300FD9B2A /* HoneybeeBluetoothConnection.m */ = {isa = PBXFileReference; lastKnownFileType = sourcecode.c.objc; path = HoneybeeBluetoothConnection.m; sourceTree = "<group>"; };
		DA8C91A121C07DD300001799 /* HBNetworkSetupViewController.h */ = {isa = PBXFileReference; lastKnownFileType = sourcecode.c.h; path = HBNetworkSetupViewController.h; sourceTree = "<group>"; };
		DA8C91A221C07DD300001799 /* HBNetworkSetupViewController.m */ = {isa = PBXFileReference; lastKnownFileType = sourcecode.c.objc; path = HBNetworkSetupViewController.m; sourceTree = "<group>"; };
		DA8C91A421C2FAE900001799 /* NSDictionary+BeeDance.h */ = {isa = PBXFileReference; lastKnownFileType = sourcecode.c.h; path = "NSDictionary+BeeDance.h"; sourceTree = "<group>"; };
		DA8C91A521C2FCF500001799 /* NSDictionary+BeeDance.m */ = {isa = PBXFileReference; lastKnownFileType = sourcecode.c.objc; path = "NSDictionary+BeeDance.m"; sourceTree = "<group>"; };
		DAA007E420DD8AF600A24510 /* HoneybeePropertiesViewController.h */ = {isa = PBXFileReference; lastKnownFileType = sourcecode.c.h; path = HoneybeePropertiesViewController.h; sourceTree = "<group>"; };
		DAA007E520DD8AF600A24510 /* HoneybeePropertiesViewController.m */ = {isa = PBXFileReference; lastKnownFileType = sourcecode.c.objc; path = HoneybeePropertiesViewController.m; sourceTree = "<group>"; };
		DAA007E720DDA6F100A24510 /* UpdateFirmwareTableViewCell.h */ = {isa = PBXFileReference; lastKnownFileType = sourcecode.c.h; path = UpdateFirmwareTableViewCell.h; sourceTree = "<group>"; };
		DAA007E820DDA6F100A24510 /* UpdateFirmwareTableViewCell.m */ = {isa = PBXFileReference; lastKnownFileType = sourcecode.c.objc; path = UpdateFirmwareTableViewCell.m; sourceTree = "<group>"; };
		DAC51D3721C043DB00E8EEF0 /* aef_debug.h */ = {isa = PBXFileReference; fileEncoding = 4; lastKnownFileType = sourcecode.c.h; path = aef_debug.h; sourceTree = "<group>"; };
		DAC51D3821C043DB00E8EEF0 /* aef_utils.h */ = {isa = PBXFileReference; fileEncoding = 4; lastKnownFileType = sourcecode.c.h; path = aef_utils.h; sourceTree = "<group>"; };
		DAC51D3921C043DB00E8EEF0 /* aef_nrf51.h */ = {isa = PBXFileReference; fileEncoding = 4; lastKnownFileType = sourcecode.c.h; path = aef_nrf51.h; sourceTree = "<group>"; };
		DAC51D3A21C043DB00E8EEF0 /* README.md */ = {isa = PBXFileReference; fileEncoding = 4; lastKnownFileType = net.daringfireball.markdown; path = README.md; sourceTree = "<group>"; };
		DAC51D3D21C043DB00E8EEF0 /* aef_debug.c */ = {isa = PBXFileReference; fileEncoding = 4; lastKnownFileType = sourcecode.c.c; path = aef_debug.c; sourceTree = "<group>"; };
		DAC51D3F21C043DB00E8EEF0 /* README.md */ = {isa = PBXFileReference; fileEncoding = 4; lastKnownFileType = net.daringfireball.markdown; path = README.md; sourceTree = "<group>"; };
		DAC51D4221C043DB00E8EEF0 /* beedance.md */ = {isa = PBXFileReference; fileEncoding = 4; lastKnownFileType = net.daringfireball.markdown; path = beedance.md; sourceTree = "<group>"; };
		DAC51D4421C043DB00E8EEF0 /* beedance.h */ = {isa = PBXFileReference; fileEncoding = 4; lastKnownFileType = sourcecode.c.h; path = beedance.h; sourceTree = "<group>"; };
		DAC51D4521C043DB00E8EEF0 /* msgpack.h */ = {isa = PBXFileReference; fileEncoding = 4; lastKnownFileType = sourcecode.c.h; path = msgpack.h; sourceTree = "<group>"; };
		DAC51D4621C043DB00E8EEF0 /* beedance_honeybee.h */ = {isa = PBXFileReference; fileEncoding = 4; lastKnownFileType = sourcecode.c.h; path = beedance_honeybee.h; sourceTree = "<group>"; };
		DAC51D4721C043DB00E8EEF0 /* NSData+BeeDance.m */ = {isa = PBXFileReference; fileEncoding = 4; lastKnownFileType = sourcecode.c.objc; path = "NSData+BeeDance.m"; sourceTree = "<group>"; };
		DAC51D4821C043DB00E8EEF0 /* cobs.c */ = {isa = PBXFileReference; fileEncoding = 4; lastKnownFileType = sourcecode.c.c; path = cobs.c; sourceTree = "<group>"; };
		DAC51D4921C043DB00E8EEF0 /* msgpack.c */ = {isa = PBXFileReference; fileEncoding = 4; lastKnownFileType = sourcecode.c.c; path = msgpack.c; sourceTree = "<group>"; };
		DAC51D4A21C043DB00E8EEF0 /* beedance.c */ = {isa = PBXFileReference; fileEncoding = 4; lastKnownFileType = sourcecode.c.c; path = beedance.c; sourceTree = "<group>"; };
		DAC51D4B21C043DB00E8EEF0 /* beedance.m */ = {isa = PBXFileReference; fileEncoding = 4; lastKnownFileType = sourcecode.c.objc; path = beedance.m; sourceTree = "<group>"; };
		DAC51D4C21C043DB00E8EEF0 /* cobs.h */ = {isa = PBXFileReference; fileEncoding = 4; lastKnownFileType = sourcecode.c.h; path = cobs.h; sourceTree = "<group>"; };
		DAC51D4D21C043DB00E8EEF0 /* NSData+BeeDance.h */ = {isa = PBXFileReference; fileEncoding = 4; lastKnownFileType = sourcecode.c.h; path = "NSData+BeeDance.h"; sourceTree = "<group>"; };
		DAC51D5A21C0445A00E8EEF0 /* winc1500_m2m_aio_3a0_19.5.4.bin */ = {isa = PBXFileReference; explicitFileType = compiled; name = winc1500_m2m_aio_3a0_19.5.4.bin; path = src/Base.lproj/winc1500_m2m_aio_3a0_19.5.4.bin; sourceTree = SOURCE_ROOT; };
		DAC51D5C21C0480900E8EEF0 /* debug.h */ = {isa = PBXFileReference; lastKnownFileType = sourcecode.c.h; path = debug.h; sourceTree = "<group>"; };
		DAC51D5D21C0482500E8EEF0 /* Default-568h@2x.png */ = {isa = PBXFileReference; lastKnownFileType = image.png; path = "Default-568h@2x.png"; sourceTree = "<group>"; };
		DADBED2120DA03D600D3F539 /* libz.tbd */ = {isa = PBXFileReference; lastKnownFileType = "sourcecode.text-based-dylib-definition"; name = libz.tbd; path = usr/lib/libz.tbd; sourceTree = SDKROOT; };
/* End PBXFileReference section */

/* Begin PBXFrameworksBuildPhase section */
		DA5D107020D705B600FD9B2A /* Frameworks */ = {
			isa = PBXFrameworksBuildPhase;
			buildActionMask = 2147483647;
			files = (
				DADBED2220DA03D600D3F539 /* libz.tbd in Frameworks */,
			);
			runOnlyForDeploymentPostprocessing = 0;
		};
		DA5D108B20D705B800FD9B2A /* Frameworks */ = {
			isa = PBXFrameworksBuildPhase;
			buildActionMask = 2147483647;
			files = (
			);
			runOnlyForDeploymentPostprocessing = 0;
		};
		DA5D109620D705B800FD9B2A /* Frameworks */ = {
			isa = PBXFrameworksBuildPhase;
			buildActionMask = 2147483647;
			files = (
			);
			runOnlyForDeploymentPostprocessing = 0;
		};
/* End PBXFrameworksBuildPhase section */

/* Begin PBXGroup section */
		DA5D106A20D705B600FD9B2A = {
			isa = PBXGroup;
			children = (
				DAC51D5D21C0482500E8EEF0 /* Default-568h@2x.png */,
				DAC51D3521C043DB00E8EEF0 /* airviz-embedded-framework */,
				DAC51D3E21C043DB00E8EEF0 /* beedance */,
				DA5D107520D705B600FD9B2A /* HoneyBee Companion */,
				DA5D109120D705B800FD9B2A /* HoneyBee CompanionTests */,
				DA5D109C20D705B800FD9B2A /* HoneyBee CompanionUITests */,
				DA5D107420D705B600FD9B2A /* Products */,
				DADBED2020DA03D600D3F539 /* Frameworks */,
			);
			sourceTree = "<group>";
		};
		DA5D107420D705B600FD9B2A /* Products */ = {
			isa = PBXGroup;
			children = (
				DA5D107320D705B600FD9B2A /* HoneyBee Companion.app */,
				DA5D108E20D705B800FD9B2A /* HoneyBee CompanionTests.xctest */,
				DA5D109920D705B800FD9B2A /* HoneyBee CompanionUITests.xctest */,
			);
			name = Products;
			sourceTree = "<group>";
		};
		DA5D107520D705B600FD9B2A /* HoneyBee Companion */ = {
			isa = PBXGroup;
			children = (
				DAC51D5A21C0445A00E8EEF0 /* winc1500_m2m_aio_3a0_19.5.4.bin */,
				DA2E249820DF0CCD0066A0FC /* honeybee_boot.img.bin */,
				DA2E249720DED9380066A0FC /* hb_bootloader.h */,
				DA197F9D20DE0A750068C9D4 /* honeybee_app.img.bin */,
				DA5D107620D705B600FD9B2A /* AppDelegate.h */,
				DA5D107720D705B600FD9B2A /* AppDelegate.m */,
				DA5D107920D705B600FD9B2A /* DeviceListViewController.h */,
				DA5D107A20D705B600FD9B2A /* DeviceListViewController.m */,
				DA5D107C20D705B600FD9B2A /* HoneybeeDetailViewController.h */,
				DA5D107D20D705B600FD9B2A /* HoneybeeDetailViewController.m */,
				DAA007E420DD8AF600A24510 /* HoneybeePropertiesViewController.h */,
				DAA007E520DD8AF600A24510 /* HoneybeePropertiesViewController.m */,
				DA5D107F20D705B600FD9B2A /* Main.storyboard */,
				DA5D108220D705B800FD9B2A /* Assets.xcassets */,
				DA5D108420D705B800FD9B2A /* LaunchScreen.storyboard */,
				DA5D108720D705B800FD9B2A /* Info.plist */,
				DA5D108820D705B800FD9B2A /* main.m */,
				DA5D10B320D8111300FD9B2A /* HoneybeeBluetoothConnection.h */,
				DA5D10B420D8111300FD9B2A /* HoneybeeBluetoothConnection.m */,
				DAA007E720DDA6F100A24510 /* UpdateFirmwareTableViewCell.h */,
				DAA007E820DDA6F100A24510 /* UpdateFirmwareTableViewCell.m */,
				DAC51D5C21C0480900E8EEF0 /* debug.h */,
				DA8C91A121C07DD300001799 /* HBNetworkSetupViewController.h */,
				DA8C91A221C07DD300001799 /* HBNetworkSetupViewController.m */,
			);
			name = "HoneyBee Companion";
			path = src;
			sourceTree = "<group>";
		};
		DA5D109120D705B800FD9B2A /* HoneyBee CompanionTests */ = {
			isa = PBXGroup;
			children = (
				DA5D109220D705B800FD9B2A /* HoneyBee_CompanionTests.m */,
				DA5D109420D705B800FD9B2A /* Info.plist */,
			);
			path = "HoneyBee CompanionTests";
			sourceTree = "<group>";
		};
		DA5D109C20D705B800FD9B2A /* HoneyBee CompanionUITests */ = {
			isa = PBXGroup;
			children = (
				DA5D109D20D705B800FD9B2A /* HoneyBee_CompanionUITests.m */,
				DA5D109F20D705B800FD9B2A /* Info.plist */,
			);
			path = "HoneyBee CompanionUITests";
			sourceTree = "<group>";
		};
		DAC51D3521C043DB00E8EEF0 /* airviz-embedded-framework */ = {
			isa = PBXGroup;
			children = (
				DAC51D3621C043DB00E8EEF0 /* inc */,
				DAC51D3A21C043DB00E8EEF0 /* README.md */,
				DAC51D3C21C043DB00E8EEF0 /* src */,
			);
			name = "airviz-embedded-framework";
			path = "../../../airviz-embedded-framework";
			sourceTree = "<group>";
		};
		DAC51D3621C043DB00E8EEF0 /* inc */ = {
			isa = PBXGroup;
			children = (
				DAC51D3721C043DB00E8EEF0 /* aef_debug.h */,
				DAC51D3821C043DB00E8EEF0 /* aef_utils.h */,
				DAC51D3921C043DB00E8EEF0 /* aef_nrf51.h */,
			);
			path = inc;
			sourceTree = "<group>";
		};
		DAC51D3C21C043DB00E8EEF0 /* src */ = {
			isa = PBXGroup;
			children = (
				DAC51D3D21C043DB00E8EEF0 /* aef_debug.c */,
			);
			path = src;
			sourceTree = "<group>";
		};
		DAC51D3E21C043DB00E8EEF0 /* beedance */ = {
			isa = PBXGroup;
			children = (
				DAC51D3F21C043DB00E8EEF0 /* README.md */,
				DAC51D4221C043DB00E8EEF0 /* beedance.md */,
				DAC51D4321C043DB00E8EEF0 /* src */,
			);
			name = beedance;
			path = ../../../beedance;
			sourceTree = "<group>";
		};
		DAC51D4321C043DB00E8EEF0 /* src */ = {
			isa = PBXGroup;
			children = (
				DA8C91A421C2FAE900001799 /* NSDictionary+BeeDance.h */,
				DA8C91A521C2FCF500001799 /* NSDictionary+BeeDance.m */,
				DAC51D4421C043DB00E8EEF0 /* beedance.h */,
				DAC51D4521C043DB00E8EEF0 /* msgpack.h */,
				DAC51D4621C043DB00E8EEF0 /* beedance_honeybee.h */,
				DAC51D4D21C043DB00E8EEF0 /* NSData+BeeDance.h */,
				DAC51D4721C043DB00E8EEF0 /* NSData+BeeDance.m */,
				DAC51D4821C043DB00E8EEF0 /* cobs.c */,
				DAC51D4921C043DB00E8EEF0 /* msgpack.c */,
				DAC51D4A21C043DB00E8EEF0 /* beedance.c */,
				DAC51D4B21C043DB00E8EEF0 /* beedance.m */,
				DAC51D4C21C043DB00E8EEF0 /* cobs.h */,
			);
			path = src;
			sourceTree = "<group>";
		};
		DADBED2020DA03D600D3F539 /* Frameworks */ = {
			isa = PBXGroup;
			children = (
				DADBED2120DA03D600D3F539 /* libz.tbd */,
			);
			name = Frameworks;
			sourceTree = "<group>";
		};
/* End PBXGroup section */

/* Begin PBXNativeTarget section */
		DA5D107220D705B600FD9B2A /* HoneyBee Companion */ = {
			isa = PBXNativeTarget;
			buildConfigurationList = DA5D10A220D705B800FD9B2A /* Build configuration list for PBXNativeTarget "HoneyBee Companion" */;
			buildPhases = (
				DA5D106F20D705B600FD9B2A /* Sources */,
				DA5D107020D705B600FD9B2A /* Frameworks */,
				DA5D107120D705B600FD9B2A /* Resources */,
			);
			buildRules = (
			);
			dependencies = (
			);
			name = "HoneyBee Companion";
			productName = "HoneyBee Companion";
			productReference = DA5D107320D705B600FD9B2A /* HoneyBee Companion.app */;
			productType = "com.apple.product-type.application";
		};
		DA5D108D20D705B800FD9B2A /* HoneyBee CompanionTests */ = {
			isa = PBXNativeTarget;
			buildConfigurationList = DA5D10A520D705B800FD9B2A /* Build configuration list for PBXNativeTarget "HoneyBee CompanionTests" */;
			buildPhases = (
				DA5D108A20D705B800FD9B2A /* Sources */,
				DA5D108B20D705B800FD9B2A /* Frameworks */,
				DA5D108C20D705B800FD9B2A /* Resources */,
			);
			buildRules = (
			);
			dependencies = (
				DA5D109020D705B800FD9B2A /* PBXTargetDependency */,
			);
			name = "HoneyBee CompanionTests";
			productName = "HoneyBee CompanionTests";
			productReference = DA5D108E20D705B800FD9B2A /* HoneyBee CompanionTests.xctest */;
			productType = "com.apple.product-type.bundle.unit-test";
		};
		DA5D109820D705B800FD9B2A /* HoneyBee CompanionUITests */ = {
			isa = PBXNativeTarget;
			buildConfigurationList = DA5D10A820D705B800FD9B2A /* Build configuration list for PBXNativeTarget "HoneyBee CompanionUITests" */;
			buildPhases = (
				DA5D109520D705B800FD9B2A /* Sources */,
				DA5D109620D705B800FD9B2A /* Frameworks */,
				DA5D109720D705B800FD9B2A /* Resources */,
			);
			buildRules = (
			);
			dependencies = (
				DA5D109B20D705B800FD9B2A /* PBXTargetDependency */,
			);
			name = "HoneyBee CompanionUITests";
			productName = "HoneyBee CompanionUITests";
			productReference = DA5D109920D705B800FD9B2A /* HoneyBee CompanionUITests.xctest */;
			productType = "com.apple.product-type.bundle.ui-testing";
		};
/* End PBXNativeTarget section */

/* Begin PBXProject section */
		DA5D106B20D705B600FD9B2A /* Project object */ = {
			isa = PBXProject;
			attributes = {
				LastUpgradeCheck = 0940;
				ORGANIZATIONNAME = Airviz;
				TargetAttributes = {
					DA5D107220D705B600FD9B2A = {
						CreatedOnToolsVersion = 9.4.1;
					};
					DA5D108D20D705B800FD9B2A = {
						CreatedOnToolsVersion = 9.4.1;
						TestTargetID = DA5D107220D705B600FD9B2A;
					};
					DA5D109820D705B800FD9B2A = {
						CreatedOnToolsVersion = 9.4.1;
						TestTargetID = DA5D107220D705B600FD9B2A;
					};
				};
			};
			buildConfigurationList = DA5D106E20D705B600FD9B2A /* Build configuration list for PBXProject "HoneyBee Companion" */;
			compatibilityVersion = "Xcode 9.3";
			developmentRegion = en;
			hasScannedForEncodings = 0;
			knownRegions = (
				en,
				Base,
			);
			mainGroup = DA5D106A20D705B600FD9B2A;
			productRefGroup = DA5D107420D705B600FD9B2A /* Products */;
			projectDirPath = "";
			projectRoot = "";
			targets = (
				DA5D107220D705B600FD9B2A /* HoneyBee Companion */,
				DA5D108D20D705B800FD9B2A /* HoneyBee CompanionTests */,
				DA5D109820D705B800FD9B2A /* HoneyBee CompanionUITests */,
			);
		};
/* End PBXProject section */

/* Begin PBXResourcesBuildPhase section */
		DA5D107120D705B600FD9B2A /* Resources */ = {
			isa = PBXResourcesBuildPhase;
			buildActionMask = 2147483647;
			files = (
				DAC51D5B21C0445A00E8EEF0 /* winc1500_m2m_aio_3a0_19.5.4.bin in Resources */,
				DAC51D5421C043DC00E8EEF0 /* beedance.md in Resources */,
				DA197F9E20DE0A750068C9D4 /* honeybee_app.img.bin in Resources */,
				DAC51D5E21C0482500E8EEF0 /* Default-568h@2x.png in Resources */,
				DA2E249920DF0CCE0066A0FC /* honeybee_boot.img.bin in Resources */,
				DA5D108620D705B800FD9B2A /* LaunchScreen.storyboard in Resources */,
				DA5D108320D705B800FD9B2A /* Assets.xcassets in Resources */,
				DA5D108120D705B600FD9B2A /* Main.storyboard in Resources */,
			);
			runOnlyForDeploymentPostprocessing = 0;
		};
		DA5D108C20D705B800FD9B2A /* Resources */ = {
			isa = PBXResourcesBuildPhase;
			buildActionMask = 2147483647;
			files = (
			);
			runOnlyForDeploymentPostprocessing = 0;
		};
		DA5D109720D705B800FD9B2A /* Resources */ = {
			isa = PBXResourcesBuildPhase;
			buildActionMask = 2147483647;
			files = (
			);
			runOnlyForDeploymentPostprocessing = 0;
		};
/* End PBXResourcesBuildPhase section */

/* Begin PBXSourcesBuildPhase section */
		DA5D106F20D705B600FD9B2A /* Sources */ = {
			isa = PBXSourcesBuildPhase;
			buildActionMask = 2147483647;
			files = (
				DAC51D5621C043DC00E8EEF0 /* cobs.c in Sources */,
				DA5D107B20D705B600FD9B2A /* DeviceListViewController.m in Sources */,
				DAC51D5821C043DC00E8EEF0 /* beedance.c in Sources */,
				DA5D107820D705B600FD9B2A /* AppDelegate.m in Sources */,
				DA5D108920D705B800FD9B2A /* main.m in Sources */,
				DA5D107E20D705B600FD9B2A /* HoneybeeDetailViewController.m in Sources */,
				DAA007E920DDA6F100A24510 /* UpdateFirmwareTableViewCell.m in Sources */,
				DAC51D5521C043DC00E8EEF0 /* NSData+BeeDance.m in Sources */,
				DA8C91A621C2FDE100001799 /* NSDictionary+BeeDance.m in Sources */,
				DAC51D5721C043DC00E8EEF0 /* msgpack.c in Sources */,
				DAC51D5921C043DC00E8EEF0 /* beedance.m in Sources */,
				DAA007E620DD8AF600A24510 /* HoneybeePropertiesViewController.m in Sources */,
				DA8C91A321C07DD300001799 /* HBNetworkSetupViewController.m in Sources */,
				DAC51D5021C043DC00E8EEF0 /* aef_debug.c in Sources */,
				DA5D10B520D8111400FD9B2A /* HoneybeeBluetoothConnection.m in Sources */,
			);
			runOnlyForDeploymentPostprocessing = 0;
		};
		DA5D108A20D705B800FD9B2A /* Sources */ = {
			isa = PBXSourcesBuildPhase;
			buildActionMask = 2147483647;
			files = (
				DA5D109320D705B800FD9B2A /* HoneyBee_CompanionTests.m in Sources */,
			);
			runOnlyForDeploymentPostprocessing = 0;
		};
		DA5D109520D705B800FD9B2A /* Sources */ = {
			isa = PBXSourcesBuildPhase;
			buildActionMask = 2147483647;
			files = (
				DA5D109E20D705B800FD9B2A /* HoneyBee_CompanionUITests.m in Sources */,
			);
			runOnlyForDeploymentPostprocessing = 0;
		};
/* End PBXSourcesBuildPhase section */

/* Begin PBXTargetDependency section */
		DA5D109020D705B800FD9B2A /* PBXTargetDependency */ = {
			isa = PBXTargetDependency;
			target = DA5D107220D705B600FD9B2A /* HoneyBee Companion */;
			targetProxy = DA5D108F20D705B800FD9B2A /* PBXContainerItemProxy */;
		};
		DA5D109B20D705B800FD9B2A /* PBXTargetDependency */ = {
			isa = PBXTargetDependency;
			target = DA5D107220D705B600FD9B2A /* HoneyBee Companion */;
			targetProxy = DA5D109A20D705B800FD9B2A /* PBXContainerItemProxy */;
		};
/* End PBXTargetDependency section */

/* Begin PBXVariantGroup section */
		DA5D107F20D705B600FD9B2A /* Main.storyboard */ = {
			isa = PBXVariantGroup;
			children = (
				DA5D108020D705B600FD9B2A /* Base */,
			);
			name = Main.storyboard;
			sourceTree = "<group>";
		};
		DA5D108420D705B800FD9B2A /* LaunchScreen.storyboard */ = {
			isa = PBXVariantGroup;
			children = (
				DA5D108520D705B800FD9B2A /* Base */,
			);
			name = LaunchScreen.storyboard;
			sourceTree = "<group>";
		};
/* End PBXVariantGroup section */

/* Begin XCBuildConfiguration section */
		DA5D10A020D705B800FD9B2A /* Debug */ = {
			isa = XCBuildConfiguration;
			buildSettings = {
				ALWAYS_SEARCH_USER_PATHS = NO;
				CLANG_ANALYZER_NONNULL = YES;
				CLANG_ANALYZER_NUMBER_OBJECT_CONVERSION = YES_AGGRESSIVE;
				CLANG_CXX_LANGUAGE_STANDARD = "gnu++14";
				CLANG_CXX_LIBRARY = "libc++";
				CLANG_ENABLE_MODULES = YES;
				CLANG_ENABLE_OBJC_ARC = YES;
				CLANG_ENABLE_OBJC_WEAK = YES;
				CLANG_WARN_BLOCK_CAPTURE_AUTORELEASING = YES;
				CLANG_WARN_BOOL_CONVERSION = YES;
				CLANG_WARN_COMMA = YES;
				CLANG_WARN_CONSTANT_CONVERSION = YES;
				CLANG_WARN_DEPRECATED_OBJC_IMPLEMENTATIONS = YES;
				CLANG_WARN_DIRECT_OBJC_ISA_USAGE = YES_ERROR;
				CLANG_WARN_DOCUMENTATION_COMMENTS = YES;
				CLANG_WARN_EMPTY_BODY = YES;
				CLANG_WARN_ENUM_CONVERSION = YES;
				CLANG_WARN_INFINITE_RECURSION = YES;
				CLANG_WARN_INT_CONVERSION = YES;
				CLANG_WARN_NON_LITERAL_NULL_CONVERSION = YES;
				CLANG_WARN_OBJC_IMPLICIT_RETAIN_SELF = YES;
				CLANG_WARN_OBJC_LITERAL_CONVERSION = YES;
				CLANG_WARN_OBJC_ROOT_CLASS = YES_ERROR;
				CLANG_WARN_RANGE_LOOP_ANALYSIS = YES;
				CLANG_WARN_STRICT_PROTOTYPES = YES;
				CLANG_WARN_SUSPICIOUS_MOVE = YES;
				CLANG_WARN_UNGUARDED_AVAILABILITY = YES_AGGRESSIVE;
				CLANG_WARN_UNREACHABLE_CODE = YES;
				CLANG_WARN__DUPLICATE_METHOD_MATCH = YES;
				CODE_SIGN_IDENTITY = "iPhone Developer";
				COPY_PHASE_STRIP = NO;
				DEBUG_INFORMATION_FORMAT = dwarf;
				ENABLE_STRICT_OBJC_MSGSEND = YES;
				ENABLE_TESTABILITY = YES;
				GCC_C_LANGUAGE_STANDARD = gnu11;
				GCC_DYNAMIC_NO_PIC = NO;
				GCC_NO_COMMON_BLOCKS = YES;
				GCC_OPTIMIZATION_LEVEL = 0;
				GCC_PREPROCESSOR_DEFINITIONS = (
					"DEBUG=1",
					"$(inherited)",
					AEF_DEBUG_UART_PRINTF_ENABLED,
				);
				GCC_WARN_64_TO_32_BIT_CONVERSION = YES;
				GCC_WARN_ABOUT_RETURN_TYPE = YES_ERROR;
				GCC_WARN_UNDECLARED_SELECTOR = YES;
				GCC_WARN_UNINITIALIZED_AUTOS = YES_AGGRESSIVE;
				GCC_WARN_UNUSED_FUNCTION = YES;
				GCC_WARN_UNUSED_VARIABLE = YES;
				IPHONEOS_DEPLOYMENT_TARGET = 11.4;
				MTL_ENABLE_DEBUG_INFO = YES;
				ONLY_ACTIVE_ARCH = YES;
				SDKROOT = iphoneos;
			};
			name = Debug;
		};
		DA5D10A120D705B800FD9B2A /* Release */ = {
			isa = XCBuildConfiguration;
			buildSettings = {
				ALWAYS_SEARCH_USER_PATHS = NO;
				CLANG_ANALYZER_NONNULL = YES;
				CLANG_ANALYZER_NUMBER_OBJECT_CONVERSION = YES_AGGRESSIVE;
				CLANG_CXX_LANGUAGE_STANDARD = "gnu++14";
				CLANG_CXX_LIBRARY = "libc++";
				CLANG_ENABLE_MODULES = YES;
				CLANG_ENABLE_OBJC_ARC = YES;
				CLANG_ENABLE_OBJC_WEAK = YES;
				CLANG_WARN_BLOCK_CAPTURE_AUTORELEASING = YES;
				CLANG_WARN_BOOL_CONVERSION = YES;
				CLANG_WARN_COMMA = YES;
				CLANG_WARN_CONSTANT_CONVERSION = YES;
				CLANG_WARN_DEPRECATED_OBJC_IMPLEMENTATIONS = YES;
				CLANG_WARN_DIRECT_OBJC_ISA_USAGE = YES_ERROR;
				CLANG_WARN_DOCUMENTATION_COMMENTS = YES;
				CLANG_WARN_EMPTY_BODY = YES;
				CLANG_WARN_ENUM_CONVERSION = YES;
				CLANG_WARN_INFINITE_RECURSION = YES;
				CLANG_WARN_INT_CONVERSION = YES;
				CLANG_WARN_NON_LITERAL_NULL_CONVERSION = YES;
				CLANG_WARN_OBJC_IMPLICIT_RETAIN_SELF = YES;
				CLANG_WARN_OBJC_LITERAL_CONVERSION = YES;
				CLANG_WARN_OBJC_ROOT_CLASS = YES_ERROR;
				CLANG_WARN_RANGE_LOOP_ANALYSIS = YES;
				CLANG_WARN_STRICT_PROTOTYPES = YES;
				CLANG_WARN_SUSPICIOUS_MOVE = YES;
				CLANG_WARN_UNGUARDED_AVAILABILITY = YES_AGGRESSIVE;
				CLANG_WARN_UNREACHABLE_CODE = YES;
				CLANG_WARN__DUPLICATE_METHOD_MATCH = YES;
				CODE_SIGN_IDENTITY = "iPhone Developer";
				COPY_PHASE_STRIP = NO;
				DEBUG_INFORMATION_FORMAT = "dwarf-with-dsym";
				ENABLE_NS_ASSERTIONS = NO;
				ENABLE_STRICT_OBJC_MSGSEND = YES;
				GCC_C_LANGUAGE_STANDARD = gnu11;
				GCC_NO_COMMON_BLOCKS = YES;
				GCC_PREPROCESSOR_DEFINITIONS = AEF_DEBUG_UART_PRINTF_ENABLED;
				GCC_WARN_64_TO_32_BIT_CONVERSION = YES;
				GCC_WARN_ABOUT_RETURN_TYPE = YES_ERROR;
				GCC_WARN_UNDECLARED_SELECTOR = YES;
				GCC_WARN_UNINITIALIZED_AUTOS = YES_AGGRESSIVE;
				GCC_WARN_UNUSED_FUNCTION = YES;
				GCC_WARN_UNUSED_VARIABLE = YES;
				IPHONEOS_DEPLOYMENT_TARGET = 11.4;
				MTL_ENABLE_DEBUG_INFO = NO;
				SDKROOT = iphoneos;
				VALIDATE_PRODUCT = YES;
			};
			name = Release;
		};
		DA5D10A320D705B800FD9B2A /* Debug */ = {
			isa = XCBuildConfiguration;
			buildSettings = {
				ASSETCATALOG_COMPILER_APPICON_NAME = AppIcon;
				CODE_SIGN_STYLE = Automatic;
				DEVELOPMENT_TEAM = ZYF8X9Z6M2;
				INFOPLIST_FILE = src/Info.plist;
				LD_RUNPATH_SEARCH_PATHS = (
					"$(inherited)",
					"@executable_path/Frameworks",
				);
				PRODUCT_BUNDLE_IDENTIFIER = "com.airviz.HoneyBee-Companion";
				PRODUCT_NAME = "$(TARGET_NAME)";
				TARGETED_DEVICE_FAMILY = "1,2";
			};
			name = Debug;
		};
		DA5D10A420D705B800FD9B2A /* Release */ = {
			isa = XCBuildConfiguration;
			buildSettings = {
				ASSETCATALOG_COMPILER_APPICON_NAME = AppIcon;
				CODE_SIGN_STYLE = Automatic;
				DEVELOPMENT_TEAM = ZYF8X9Z6M2;
				INFOPLIST_FILE = src/Info.plist;
				LD_RUNPATH_SEARCH_PATHS = (
					"$(inherited)",
					"@executable_path/Frameworks",
				);
				PRODUCT_BUNDLE_IDENTIFIER = "com.airviz.HoneyBee-Companion";
				PRODUCT_NAME = "$(TARGET_NAME)";
				TARGETED_DEVICE_FAMILY = "1,2";
			};
			name = Release;
		};
		DA5D10A620D705B800FD9B2A /* Debug */ = {
			isa = XCBuildConfiguration;
			buildSettings = {
				BUNDLE_LOADER = "$(TEST_HOST)";
				CODE_SIGN_STYLE = Automatic;
				DEVELOPMENT_TEAM = ZYF8X9Z6M2;
				INFOPLIST_FILE = "HoneyBee CompanionTests/Info.plist";
				LD_RUNPATH_SEARCH_PATHS = (
					"$(inherited)",
					"@executable_path/Frameworks",
					"@loader_path/Frameworks",
				);
				PRODUCT_BUNDLE_IDENTIFIER = "com.airviz.HoneyBee-CompanionTests";
				PRODUCT_NAME = "$(TARGET_NAME)";
				TARGETED_DEVICE_FAMILY = "1,2";
				TEST_HOST = "$(BUILT_PRODUCTS_DIR)/HoneyBee Companion.app/HoneyBee Companion";
			};
			name = Debug;
		};
		DA5D10A720D705B800FD9B2A /* Release */ = {
			isa = XCBuildConfiguration;
			buildSettings = {
				BUNDLE_LOADER = "$(TEST_HOST)";
				CODE_SIGN_STYLE = Automatic;
				DEVELOPMENT_TEAM = ZYF8X9Z6M2;
				INFOPLIST_FILE = "HoneyBee CompanionTests/Info.plist";
				LD_RUNPATH_SEARCH_PATHS = (
					"$(inherited)",
					"@executable_path/Frameworks",
					"@loader_path/Frameworks",
				);
				PRODUCT_BUNDLE_IDENTIFIER = "com.airviz.HoneyBee-CompanionTests";
				PRODUCT_NAME = "$(TARGET_NAME)";
				TARGETED_DEVICE_FAMILY = "1,2";
				TEST_HOST = "$(BUILT_PRODUCTS_DIR)/HoneyBee Companion.app/HoneyBee Companion";
			};
			name = Release;
		};
		DA5D10A920D705B800FD9B2A /* Debug */ = {
			isa = XCBuildConfiguration;
			buildSettings = {
				CODE_SIGN_STYLE = Automatic;
				DEVELOPMENT_TEAM = ZYF8X9Z6M2;
				INFOPLIST_FILE = "HoneyBee CompanionUITests/Info.plist";
				LD_RUNPATH_SEARCH_PATHS = (
					"$(inherited)",
					"@executable_path/Frameworks",
					"@loader_path/Frameworks",
				);
				PRODUCT_BUNDLE_IDENTIFIER = "com.airviz.HoneyBee-CompanionUITests";
				PRODUCT_NAME = "$(TARGET_NAME)";
				TARGETED_DEVICE_FAMILY = "1,2";
				TEST_TARGET_NAME = "HoneyBee Companion";
			};
			name = Debug;
		};
		DA5D10AA20D705B800FD9B2A /* Release */ = {
			isa = XCBuildConfiguration;
			buildSettings = {
				CODE_SIGN_STYLE = Automatic;
				DEVELOPMENT_TEAM = ZYF8X9Z6M2;
				INFOPLIST_FILE = "HoneyBee CompanionUITests/Info.plist";
				LD_RUNPATH_SEARCH_PATHS = (
					"$(inherited)",
					"@executable_path/Frameworks",
					"@loader_path/Frameworks",
				);
				PRODUCT_BUNDLE_IDENTIFIER = "com.airviz.HoneyBee-CompanionUITests";
				PRODUCT_NAME = "$(TARGET_NAME)";
				TARGETED_DEVICE_FAMILY = "1,2";
				TEST_TARGET_NAME = "HoneyBee Companion";
			};
			name = Release;
		};
/* End XCBuildConfiguration section */

/* Begin XCConfigurationList section */
		DA5D106E20D705B600FD9B2A /* Build configuration list for PBXProject "HoneyBee Companion" */ = {
			isa = XCConfigurationList;
			buildConfigurations = (
				DA5D10A020D705B800FD9B2A /* Debug */,
				DA5D10A120D705B800FD9B2A /* Release */,
			);
			defaultConfigurationIsVisible = 0;
			defaultConfigurationName = Release;
		};
		DA5D10A220D705B800FD9B2A /* Build configuration list for PBXNativeTarget "HoneyBee Companion" */ = {
			isa = XCConfigurationList;
			buildConfigurations = (
				DA5D10A320D705B800FD9B2A /* Debug */,
				DA5D10A420D705B800FD9B2A /* Release */,
			);
			defaultConfigurationIsVisible = 0;
			defaultConfigurationName = Release;
		};
		DA5D10A520D705B800FD9B2A /* Build configuration list for PBXNativeTarget "HoneyBee CompanionTests" */ = {
			isa = XCConfigurationList;
			buildConfigurations = (
				DA5D10A620D705B800FD9B2A /* Debug */,
				DA5D10A720D705B800FD9B2A /* Release */,
			);
			defaultConfigurationIsVisible = 0;
			defaultConfigurationName = Release;
		};
		DA5D10A820D705B800FD9B2A /* Build configuration list for PBXNativeTarget "HoneyBee CompanionUITests" */ = {
			isa = XCConfigurationList;
			buildConfigurations = (
				DA5D10A920D705B800FD9B2A /* Debug */,
				DA5D10AA20D705B800FD9B2A /* Release */,
			);
			defaultConfigurationIsVisible = 0;
			defaultConfigurationName = Release;
		};
/* End XCConfigurationList section */
	};
	rootObject = DA5D106B20D705B600FD9B2A /* Project object */;
}
